
Microsoft Visual Studio Solution File, Format Version 12.00
# Visual Studio Version 17
VisualStudioVersion = 17.11.35303.130
MinimumVisualStudioVersion = 10.0.40219.1
Project("{888888A0-9F3D-457C-B088-3A5042F75D52}") = "telegram-bot-restaurant", "telegram-bot-restaurant.pyproj", "{D9D39497-B331-44BA-A1B3-2E6980DD8AE6}"
EndProject
Global
	GlobalSection(SolutionConfigurationPlatforms) = preSolution
		Debug|Any CPU = Debug|Any CPU
		Release|Any CPU = Release|Any CPU
	EndGlobalSection
	GlobalSection(ProjectConfigurationPlatforms) = postSolution
		{D9D39497-B331-44BA-A1B3-2E6980DD8AE6}.Debug|Any CPU.ActiveCfg = Debug|Any CPU
		{D9D39497-B331-44BA-A1B3-2E6980DD8AE6}.Release|Any CPU.ActiveCfg = Release|Any CPU
	EndGlobalSection
	GlobalSection(SolutionProperties) = preSolution
		HideSolutionNode = FALSE
	EndGlobalSection
	GlobalSection(ExtensibilityGlobals) = postSolution
		SolutionGuid = {146D77B4-B0C5-40EB-AE9C-47737538697E}
	EndGlobalSection
EndGlobal
